{
  "name": "DSLDesign",
  "version": "1.0.0",
  "lockfileVersion": 2,
  "requires": true,
  "packages": {
    "": {
      "name": "DSLDesign",
      "version": "1.0.0",
      "license": "MIT",
      "dependencies": {
        "antlr4ng": "^2.0.2",
        "antlr4ng-cli": "^1.0.4"
      },
      "devDependencies": {
        "@types/node": "^20.9.3"
      }
    },
    "node_modules/@types/node": {
      "version": "20.9.3",
      "resolved": "https://registry.npmmirror.com/@types/node/-/node-20.9.3.tgz",
      "integrity": "sha512-nk5wXLAXGBKfrhLB0cyHGbSqopS+nz0BUgZkUQqSHSSgdee0kssp1IAqlQOu333bW+gMNs2QREx7iynm19Abxw==",
      "dev": true,
      "dependencies": {
        "undici-types": "~5.26.4"
      }
    },
    "node_modules/antlr4ng": {
      "version": "2.0.2",
      "resolved": "https://registry.npmmirror.com/antlr4ng/-/antlr4ng-2.0.2.tgz",
      "integrity": "sha512-Fhs3AvhoGigRt3RpHw0wGA7n03j9BpskH9yCUViNB7NtKuCA+imy2orEZ8qcgPG98f7IryEPYlG9sx99f3ZOyw==",
      "peerDependencies": {
        "antlr4ng-cli": "1.0.4"
      }
    },
    "node_modules/antlr4ng-cli": {
      "version": "1.0.4",
      "resolved": "https://registry.npmmirror.com/antlr4ng-cli/-/antlr4ng-cli-1.0.4.tgz",
      "integrity": "sha512-O2Tff5nHs2qrqZJKDQEr2vZ6aDalmvWhynTFYosXE8jRMddtTVw6qFWvvtT/HhOnwbTTOQzXQrA2GQU90JQXWA==",
      "bin": {
        "antlr4ng": "index.js"
      }
    },
    "node_modules/undici-types": {
      "version": "5.26.5",
      "resolved": "https://registry.npmmirror.com/undici-types/-/undici-types-5.26.5.tgz",
      "integrity": "sha512-JlCMO+ehdEIKqlFxk6IfVoAUVmgz7cU7zD/h9XZ0qzeosSHmUJVOzSQvvYSYWXkFXC+IfLKSIffhv0sVZup6pA==",
      "dev": true
    }
  },
  "dependencies": {
    "@types/node": {
      "version": "20.9.3",
      "resolved": "https://registry.npmmirror.com/@types/node/-/node-20.9.3.tgz",
      "integrity": "sha512-nk5wXLAXGBKfrhLB0cyHGbSqopS+nz0BUgZkUQqSHSSgdee0kssp1IAqlQOu333bW+gMNs2QREx7iynm19Abxw==",
      "dev": true,
      "requires": {
        "undici-types": "~5.26.4"
      }
    },
    "antlr4ng": {
      "version": "2.0.2",
      "resolved": "https://registry.npmmirror.com/antlr4ng/-/antlr4ng-2.0.2.tgz",
      "integrity": "sha512-Fhs3AvhoGigRt3RpHw0wGA7n03j9BpskH9yCUViNB7NtKuCA+imy2orEZ8qcgPG98f7IryEPYlG9sx99f3ZOyw==",
      "requires": {}
    },
    "antlr4ng-cli": {
      "version": "1.0.4",
      "resolved": "https://registry.npmmirror.com/antlr4ng-cli/-/antlr4ng-cli-1.0.4.tgz",
      "integrity": "sha512-O2Tff5nHs2qrqZJKDQEr2vZ6aDalmvWhynTFYosXE8jRMddtTVw6qFWvvtT/HhOnwbTTOQzXQrA2GQU90JQXWA=="
    },
    "undici-types": {
      "version": "5.26.5",
      "resolved": "https://registry.npmmirror.com/undici-types/-/undici-types-5.26.5.tgz",
      "integrity": "sha512-JlCMO+ehdEIKqlFxk6IfVoAUVmgz7cU7zD/h9XZ0qzeosSHmUJVOzSQvvYSYWXkFXC+IfLKSIffhv0sVZup6pA==",
      "dev": true
    }
  }
}
