# THIS IS AN AUTOGENERATED FILE. DO NOT EDIT THIS FILE DIRECTLY.
# yarn lockfile v1


antlr4ng-cli@^1.0.4:
  version "1.0.4"
  resolved "https://registry.npmmirror.com/antlr4ng-cli/-/antlr4ng-cli-1.0.4.tgz#e77dbf6048a49cab6c19698c12bdd20ac22bb8a2"
  integrity sha512-O2Tff5nHs2qrqZJKDQEr2vZ6aDalmvWhynTFYosXE8jRMddtTVw6qFWvvtT/HhOnwbTTOQzXQrA2GQU90JQXWA==

antlr4ng@^2.0.2:
  version "2.0.2"
  resolved "https://registry.npmmirror.com/antlr4ng/-/antlr4ng-2.0.2.tgz#31d224cc45e578b78ef77fccf9316d133d7cc81c"
  integrity sha512-Fhs3AvhoGigRt3RpHw0wGA7n03j9BpskH9yCUViNB7NtKuCA+imy2orEZ8qcgPG98f7IryEPYlG9sx99f3ZOyw==
